
Microsoft Visual Studio Solution File, Format Version 12.00
# Visual Studio Express 2012 for Windows Desktop
Project("{8BC9CEB8-8B4A-11D0-8D11-00A0C91BC942}") = "20181002 변수자료형", "20181002 변수자료형\20181002 변수자료형.vcxproj", "{B9F44C71-E0F7-4DA9-B4CA-5B96A9C68985}"
EndProject
Project("{8BC9CEB8-8B4A-11D0-8D11-00A0C91BC942}") = "20181002 또변수", "20181002 또변수\20181002 또변수.vcxproj", "{04B9EA94-962A-4B24-87D0-ED98370F215A}"
EndProject
Project("{8BC9CEB8-8B4A-11D0-8D11-00A0C91BC942}") = "HW1 -1번", "HW1 -1번\HW1 -1번.vcxproj", "{025D14CE-FA47-4D82-9229-534439DA4356}"
EndProject
Project("{8BC9CEB8-8B4A-11D0-8D11-00A0C91BC942}") = "HW1-2번", "HW1-문제2번\HW1-문제2번.vcxproj", "{B7012440-D57B-4CD3-A4E7-75657CB74CCC}"
EndProject
Project("{8BC9CEB8-8B4A-11D0-8D11-00A0C91BC942}") = "HW1-3번", "HW1-문3\HW1-문3.vcxproj", "{95065D42-E8DE-419E-B267-763104F08D0D}"
EndProject
Project("{8BC9CEB8-8B4A-11D0-8D11-00A0C91BC942}") = "HW1-4번", "HW1-문4\HW1-문4.vcxproj", "{0F6B6C2C-7817-4333-BC5C-B5A969943DE8}"
EndProject
Project("{8BC9CEB8-8B4A-11D0-8D11-00A0C91BC942}") = "HW1-6번", "HW1-6번\HW1-6번.vcxproj", "{6B7FB4E8-7782-4E12-B384-B2C982F459D1}"
EndProject
Project("{8BC9CEB8-8B4A-11D0-8D11-00A0C91BC942}") = "HW1-5번", "HW1-5번\HW1-5번.vcxproj", "{F27F507A-D9F8-43DA-BCC3-5FFDAD108342}"
EndProject
Project("{8BC9CEB8-8B4A-11D0-8D11-00A0C91BC942}") = "HW1-5번(2)", "HW1-5번(2)\HW1-5번(2).vcxproj", "{75CB4653-A267-431C-AEAB-0B3091B0B812}"
EndProject
Project("{8BC9CEB8-8B4A-11D0-8D11-00A0C91BC942}") = "20181016 루프", "2018101루프\2018101루프.vcxproj", "{571D43DC-8E39-4CAC-B9CE-D162F95325A0}"
EndProject
Global
	GlobalSection(SolutionConfigurationPlatforms) = preSolution
		Debug|Win32 = Debug|Win32
		Release|Win32 = Release|Win32
	EndGlobalSection
	GlobalSection(ProjectConfigurationPlatforms) = postSolution
		{B9F44C71-E0F7-4DA9-B4CA-5B96A9C68985}.Debug|Win32.ActiveCfg = Debug|Win32
		{B9F44C71-E0F7-4DA9-B4CA-5B96A9C68985}.Debug|Win32.Build.0 = Debug|Win32
		{B9F44C71-E0F7-4DA9-B4CA-5B96A9C68985}.Release|Win32.ActiveCfg = Release|Win32
		{B9F44C71-E0F7-4DA9-B4CA-5B96A9C68985}.Release|Win32.Build.0 = Release|Win32
		{04B9EA94-962A-4B24-87D0-ED98370F215A}.Debug|Win32.ActiveCfg = Debug|Win32
		{04B9EA94-962A-4B24-87D0-ED98370F215A}.Debug|Win32.Build.0 = Debug|Win32
		{04B9EA94-962A-4B24-87D0-ED98370F215A}.Release|Win32.ActiveCfg = Release|Win32
		{04B9EA94-962A-4B24-87D0-ED98370F215A}.Release|Win32.Build.0 = Release|Win32
		{025D14CE-FA47-4D82-9229-534439DA4356}.Debug|Win32.ActiveCfg = Debug|Win32
		{025D14CE-FA47-4D82-9229-534439DA4356}.Debug|Win32.Build.0 = Debug|Win32
		{025D14CE-FA47-4D82-9229-534439DA4356}.Release|Win32.ActiveCfg = Release|Win32
		{025D14CE-FA47-4D82-9229-534439DA4356}.Release|Win32.Build.0 = Release|Win32
		{B7012440-D57B-4CD3-A4E7-75657CB74CCC}.Debug|Win32.ActiveCfg = Debug|Win32
		{B7012440-D57B-4CD3-A4E7-75657CB74CCC}.Debug|Win32.Build.0 = Debug|Win32
		{B7012440-D57B-4CD3-A4E7-75657CB74CCC}.Release|Win32.ActiveCfg = Release|Win32
		{B7012440-D57B-4CD3-A4E7-75657CB74CCC}.Release|Win32.Build.0 = Release|Win32
		{95065D42-E8DE-419E-B267-763104F08D0D}.Debug|Win32.ActiveCfg = Debug|Win32
		{95065D42-E8DE-419E-B267-763104F08D0D}.Debug|Win32.Build.0 = Debug|Win32
		{95065D42-E8DE-419E-B267-763104F08D0D}.Release|Win32.ActiveCfg = Release|Win32
		{95065D42-E8DE-419E-B267-763104F08D0D}.Release|Win32.Build.0 = Release|Win32
		{0F6B6C2C-7817-4333-BC5C-B5A969943DE8}.Debug|Win32.ActiveCfg = Debug|Win32
		{0F6B6C2C-7817-4333-BC5C-B5A969943DE8}.Debug|Win32.Build.0 = Debug|Win32
		{0F6B6C2C-7817-4333-BC5C-B5A969943DE8}.Release|Win32.ActiveCfg = Release|Win32
		{0F6B6C2C-7817-4333-BC5C-B5A969943DE8}.Release|Win32.Build.0 = Release|Win32
		{6B7FB4E8-7782-4E12-B384-B2C982F459D1}.Debug|Win32.ActiveCfg = Debug|Win32
		{6B7FB4E8-7782-4E12-B384-B2C982F459D1}.Debug|Win32.Build.0 = Debug|Win32
		{6B7FB4E8-7782-4E12-B384-B2C982F459D1}.Release|Win32.ActiveCfg = Release|Win32
		{6B7FB4E8-7782-4E12-B384-B2C982F459D1}.Release|Win32.Build.0 = Release|Win32
		{F27F507A-D9F8-43DA-BCC3-5FFDAD108342}.Debug|Win32.ActiveCfg = Debug|Win32
		{F27F507A-D9F8-43DA-BCC3-5FFDAD108342}.Debug|Win32.Build.0 = Debug|Win32
		{F27F507A-D9F8-43DA-BCC3-5FFDAD108342}.Release|Win32.ActiveCfg = Release|Win32
		{F27F507A-D9F8-43DA-BCC3-5FFDAD108342}.Release|Win32.Build.0 = Release|Win32
		{75CB4653-A267-431C-AEAB-0B3091B0B812}.Debug|Win32.ActiveCfg = Debug|Win32
		{75CB4653-A267-431C-AEAB-0B3091B0B812}.Debug|Win32.Build.0 = Debug|Win32
		{75CB4653-A267-431C-AEAB-0B3091B0B812}.Release|Win32.ActiveCfg = Release|Win32
		{75CB4653-A267-431C-AEAB-0B3091B0B812}.Release|Win32.Build.0 = Release|Win32
		{571D43DC-8E39-4CAC-B9CE-D162F95325A0}.Debug|Win32.ActiveCfg = Debug|Win32
		{571D43DC-8E39-4CAC-B9CE-D162F95325A0}.Debug|Win32.Build.0 = Debug|Win32
		{571D43DC-8E39-4CAC-B9CE-D162F95325A0}.Release|Win32.ActiveCfg = Release|Win32
		{571D43DC-8E39-4CAC-B9CE-D162F95325A0}.Release|Win32.Build.0 = Release|Win32
	EndGlobalSection
	GlobalSection(SolutionProperties) = preSolution
		HideSolutionNode = FALSE
	EndGlobalSection
EndGlobal
