
Microsoft Visual Studio Solution File, Format Version 12.00
# Visual Studio Express 2012 for Windows Desktop
Project("{8BC9CEB8-8B4A-11D0-8D11-00A0C91BC942}") = "20181002 변수자료형", "20181002 변수자료형\20181002 변수자료형.vcxproj", "{B9F44C71-E0F7-4DA9-B4CA-5B96A9C68985}"
EndProject
Project("{8BC9CEB8-8B4A-11D0-8D11-00A0C91BC942}") = "20181002 또변수", "20181002 또변수\20181002 또변수.vcxproj", "{04B9EA94-962A-4B24-87D0-ED98370F215A}"
EndProject
Project("{8BC9CEB8-8B4A-11D0-8D11-00A0C91BC942}") = "HW1 -1번", "HW1 -1번\HW1 -1번.vcxproj", "{025D14CE-FA47-4D82-9229-534439DA4356}"
EndProject
Project("{8BC9CEB8-8B4A-11D0-8D11-00A0C91BC942}") = "HW1-2번", "HW1-문제2번\HW1-문제2번.vcxproj", "{B7012440-D57B-4CD3-A4E7-75657CB74CCC}"
EndProject
Project("{8BC9CEB8-8B4A-11D0-8D11-00A0C91BC942}") = "HW1-3번", "HW1-문3\HW1-문3.vcxproj", "{95065D42-E8DE-419E-B267-763104F08D0D}"
EndProject
Project("{8BC9CEB8-8B4A-11D0-8D11-00A0C91BC942}") = "HW1-4번", "HW1-문4\HW1-문4.vcxproj", "{0F6B6C2C-7817-4333-BC5C-B5A969943DE8}"
EndProject
Project("{8BC9CEB8-8B4A-11D0-8D11-00A0C91BC942}") = "HW1-6번", "HW1-6번\HW1-6번.vcxproj", "{6B7FB4E8-7782-4E12-B384-B2C982F459D1}"
EndProject
Project("{8BC9CEB8-8B4A-11D0-8D11-00A0C91BC942}") = "HW1-5번", "HW1-5번\HW1-5번.vcxproj", "{F27F507A-D9F8-43DA-BCC3-5FFDAD108342}"
EndProject
Project("{8BC9CEB8-8B4A-11D0-8D11-00A0C91BC942}") = "HW1-5번(2)", "HW1-5번(2)\HW1-5번(2).vcxproj", "{75CB4653-A267-431C-AEAB-0B3091B0B812}"
EndProject
Project("{8BC9CEB8-8B4A-11D0-8D11-00A0C91BC942}") = "20181016 루프", "2018101루프\2018101루프.vcxproj", "{571D43DC-8E39-4CAC-B9CE-D162F95325A0}"
EndProject
Project("{8BC9CEB8-8B4A-11D0-8D11-00A0C91BC942}") = "HW2-문제3번", "HW2-문제3번\HW2-문제3번.vcxproj", "{2D2F4B0D-101E-4DBC-8567-AF2F4EA7B301}"
EndProject
Project("{8BC9CEB8-8B4A-11D0-8D11-00A0C91BC942}") = "HW2-문제4번", "HW2-문제4번\HW2-문제4번.vcxproj", "{C517FBE9-AF47-4947-B08F-398B7E98F2E6}"
EndProject
Project("{8BC9CEB8-8B4A-11D0-8D11-00A0C91BC942}") = "HW2-문제6번", "HW2-문제6번\HW2-문제6번.vcxproj", "{07171C50-2CBC-416F-9E74-87AC7C57D55C}"
EndProject
Project("{8BC9CEB8-8B4A-11D0-8D11-00A0C91BC942}") = "HW2-문제8번", "HW2-문제8번\HW2-문제8번.vcxproj", "{ABEC41AF-6C87-491A-8FD9-1547C5DAFBE9}"
EndProject
Project("{8BC9CEB8-8B4A-11D0-8D11-00A0C91BC942}") = "HW2-문제9번", "HW2-문제9번\HW2-문제9번.vcxproj", "{A9737941-4E5E-47FB-9ED5-67A04D1F5D38}"
EndProject
Project("{8BC9CEB8-8B4A-11D0-8D11-00A0C91BC942}") = "HW2-문제12번", "HW2-문제12번\HW2-문제12번.vcxproj", "{A4D53A3B-27FB-47A0-B417-6167F1C3FD9F}"
EndProject
Project("{8BC9CEB8-8B4A-11D0-8D11-00A0C91BC942}") = "HW2-문제10번", "HW2-문제10번\HW2-문제10번.vcxproj", "{729AD4C7-C695-4539-AB50-99EE97D6E56F}"
EndProject
Project("{8BC9CEB8-8B4A-11D0-8D11-00A0C91BC942}") = "HW2-문제15번", "HW2-문제15번\HW2-문제15번.vcxproj", "{32D9BC63-07CB-4E6E-8C35-20C6CF882F17}"
EndProject
Project("{8BC9CEB8-8B4A-11D0-8D11-00A0C91BC942}") = "HW2-문제1번", "HW2-문제1번\HW2-문제1번.vcxproj", "{7A126255-29CE-43A5-9CBF-C66D98D2E749}"
EndProject
Project("{8BC9CEB8-8B4A-11D0-8D11-00A0C91BC942}") = "HW2-문제16번", "HW2-문제16번\HW2-문제16번.vcxproj", "{C03AE339-143B-4E1E-86D2-6D859184ECAF}"
EndProject
Project("{8BC9CEB8-8B4A-11D0-8D11-00A0C91BC942}") = "HW2-문제17번", "HW2-17번\HW2-17번.vcxproj", "{E8EB21D9-DB6D-4647-B85B-8B11750A83D8}"
EndProject
Project("{8BC9CEB8-8B4A-11D0-8D11-00A0C91BC942}") = "HW2-문제18번", "HW2-18번\HW2-18번.vcxproj", "{B923B963-E79B-4DA9-BDD0-882986C21DC7}"
EndProject
Project("{8BC9CEB8-8B4A-11D0-8D11-00A0C91BC942}") = "HW2-문제19번", "HW2-19번\HW2-19번.vcxproj", "{EDC90349-C789-4210-97F5-8959AEC3DBCE}"
EndProject
Project("{8BC9CEB8-8B4A-11D0-8D11-00A0C91BC942}") = "HW2-20번", "HW2-20번\HW2-20번.vcxproj", "{561146F0-2029-424D-AC89-0539D0E2829E}"
EndProject
Project("{8BC9CEB8-8B4A-11D0-8D11-00A0C91BC942}") = "HW2-21번", "HW2-21번\HW2-21번.vcxproj", "{6CECF8F4-02F7-4AC9-A868-CD7F9838C886}"
EndProject
Project("{8BC9CEB8-8B4A-11D0-8D11-00A0C91BC942}") = "HW2-22번", "HW2-22번\HW2-22번.vcxproj", "{74AC5A38-7234-4722-A050-D991A19C4C09}"
EndProject
Project("{8BC9CEB8-8B4A-11D0-8D11-00A0C91BC942}") = "HW2-23번", "HW2-23번\HW2-23번.vcxproj", "{3B9D92CD-8238-49D4-B656-01A9B5BA8116}"
EndProject
Project("{8BC9CEB8-8B4A-11D0-8D11-00A0C91BC942}") = "HW2-24번", "HW2-24번\HW2-24번.vcxproj", "{A7162B1C-9136-4009-9857-E8F037C3D598}"
EndProject
Project("{8BC9CEB8-8B4A-11D0-8D11-00A0C91BC942}") = "HW2-문제5번", "문제5번\문제5번.vcxproj", "{CE9E4E39-082C-4084-A19A-DBF7753AB06D}"
EndProject
Project("{8BC9CEB8-8B4A-11D0-8D11-00A0C91BC942}") = "HW2-문제13번", "HW2-문제13번\HW2-문제13번.vcxproj", "{B7E94516-95BA-4850-AA7F-CDEF2468D483}"
EndProject
Project("{8BC9CEB8-8B4A-11D0-8D11-00A0C91BC942}") = "HW2-25(1)", "HW2-문제25(1)\HW2-문제25(1).vcxproj", "{360F17FD-F435-4E86-A651-71A0B1788152}"
EndProject
Project("{8BC9CEB8-8B4A-11D0-8D11-00A0C91BC942}") = "HW2-25(2)번", "HW2-문제25(2)번\HW2-문제25(2)번.vcxproj", "{719865C4-60B6-489D-B313-1C37205420E7}"
EndProject
Project("{8BC9CEB8-8B4A-11D0-8D11-00A0C91BC942}") = "HW2-문제2번", "HW2-2번\HW2-2번.vcxproj", "{2AD8B954-4438-4030-9E50-0EC6F9F81D01}"
EndProject
Project("{8BC9CEB8-8B4A-11D0-8D11-00A0C91BC942}") = "HW2-문제7번", "HW2-7번\HW2-7번.vcxproj", "{B94B89CC-FC7A-46D0-9A0F-BE44E37114FE}"
EndProject
Project("{8BC9CEB8-8B4A-11D0-8D11-00A0C91BC942}") = "HW2-문제11번", "HW2-11번\HW2-11번.vcxproj", "{05A44154-EB5E-429C-88AB-AAC0AC2C39DA}"
EndProject
Project("{8BC9CEB8-8B4A-11D0-8D11-00A0C91BC942}") = "HW2-문제14번", "HW2-문제14번\HW2-문제14번.vcxproj", "{970A78D8-8773-4BA4-81AE-97836A57874C}"
EndProject
Project("{8BC9CEB8-8B4A-11D0-8D11-00A0C91BC942}") = "20181023 함수", "20181023\20181023.vcxproj", "{671FE05E-7530-4553-A5A6-AF3179E034D0}"
EndProject
Project("{8BC9CEB8-8B4A-11D0-8D11-00A0C91BC942}") = "20181030 배열", "20181030 배열\20181030 배열.vcxproj", "{AFAA045E-6A86-4579-8C7F-009361628B19}"
EndProject
Project("{8BC9CEB8-8B4A-11D0-8D11-00A0C91BC942}") = "HW3-1", "HW3-1\HW3-1.vcxproj", "{D6ADE521-C7E4-4918-B699-664EC2AE9977}"
EndProject
Project("{8BC9CEB8-8B4A-11D0-8D11-00A0C91BC942}") = "HW3-7번", "HW3-7번\HW3-7번.vcxproj", "{0A4FB1CF-2AA4-4F35-8581-1BED90C37DAB}"
EndProject
Project("{8BC9CEB8-8B4A-11D0-8D11-00A0C91BC942}") = "HW3-문제2번", "HW3-문제2번\HW3-문제2번.vcxproj", "{F9C21656-B788-49F9-AF87-4177D0F8AE37}"
EndProject
Project("{8BC9CEB8-8B4A-11D0-8D11-00A0C91BC942}") = "HW3-문제3번", "HW3-문제3번\HW3-문제3번.vcxproj", "{66FBB833-F480-4DC0-B1F8-ED5D8A12BF01}"
EndProject
Project("{8BC9CEB8-8B4A-11D0-8D11-00A0C91BC942}") = "HW3-문제4번", "HW3-문제4번\HW3-문제4번.vcxproj", "{1061842F-3B76-42C3-9F49-FE81EA27ED9A}"
EndProject
Project("{8BC9CEB8-8B4A-11D0-8D11-00A0C91BC942}") = "HW3-문제5번", "HW3-문제5번\HW3-문제5번.vcxproj", "{60852600-5BF5-405F-A5C4-E2B7235E1AA1}"
EndProject
Project("{8BC9CEB8-8B4A-11D0-8D11-00A0C91BC942}") = "HW3-문제6번", "HW3-문제6번\HW3-문제6번.vcxproj", "{151F615D-36F3-4AD6-A632-EFECD0ED33EB}"
EndProject
Project("{8BC9CEB8-8B4A-11D0-8D11-00A0C91BC942}") = "HW3-문제9번", "HW3-문제9번\HW3-문제9번.vcxproj", "{3282DE55-8757-4B8A-9629-C467CB21F3E2}"
EndProject
Project("{8BC9CEB8-8B4A-11D0-8D11-00A0C91BC942}") = "20181106 포인터", "20181106 포인터\20181106 포인터.vcxproj", "{901C8F93-FBE3-4549-8B57-253FD27C45A7}"
EndProject
Project("{8BC9CEB8-8B4A-11D0-8D11-00A0C91BC942}") = "20181106 callbypointer", "20181106 포인터2\20181106 포인터2.vcxproj", "{B21AA912-6CA5-4345-8A47-AB89D703B685}"
EndProject
Project("{8BC9CEB8-8B4A-11D0-8D11-00A0C91BC942}") = "20181106SWAP", "20181106SWAP\20181106SWAP.vcxproj", "{92FC1283-5E36-4139-9BDD-2505CCEC0584}"
EndProject
Project("{8BC9CEB8-8B4A-11D0-8D11-00A0C91BC942}") = "20181106 pointerandarray", "20181106 pointerandarray\20181106 pointerandarray.vcxproj", "{EF8E6212-153F-45AB-8EE7-E2E6A5552F20}"
EndProject
Project("{8BC9CEB8-8B4A-11D0-8D11-00A0C91BC942}") = "20181113 arraypointer", "20181113 arraypointer\20181113 arraypointer.vcxproj", "{5B3449F3-F6A8-4D56-90F1-EBA4F94694D7}"
EndProject
Project("{8BC9CEB8-8B4A-11D0-8D11-00A0C91BC942}") = "20181113 selectionsort", "20181113 selectionsort\20181113 selectionsort.vcxproj", "{A74B9587-C1A3-4A9A-AAE2-1E522EDBE0DB}"
EndProject
Global
	GlobalSection(SolutionConfigurationPlatforms) = preSolution
		Debug|Win32 = Debug|Win32
		Release|Win32 = Release|Win32
	EndGlobalSection
	GlobalSection(ProjectConfigurationPlatforms) = postSolution
		{B9F44C71-E0F7-4DA9-B4CA-5B96A9C68985}.Debug|Win32.ActiveCfg = Debug|Win32
		{B9F44C71-E0F7-4DA9-B4CA-5B96A9C68985}.Debug|Win32.Build.0 = Debug|Win32
		{B9F44C71-E0F7-4DA9-B4CA-5B96A9C68985}.Release|Win32.ActiveCfg = Release|Win32
		{B9F44C71-E0F7-4DA9-B4CA-5B96A9C68985}.Release|Win32.Build.0 = Release|Win32
		{04B9EA94-962A-4B24-87D0-ED98370F215A}.Debug|Win32.ActiveCfg = Debug|Win32
		{04B9EA94-962A-4B24-87D0-ED98370F215A}.Debug|Win32.Build.0 = Debug|Win32
		{04B9EA94-962A-4B24-87D0-ED98370F215A}.Release|Win32.ActiveCfg = Release|Win32
		{04B9EA94-962A-4B24-87D0-ED98370F215A}.Release|Win32.Build.0 = Release|Win32
		{025D14CE-FA47-4D82-9229-534439DA4356}.Debug|Win32.ActiveCfg = Debug|Win32
		{025D14CE-FA47-4D82-9229-534439DA4356}.Debug|Win32.Build.0 = Debug|Win32
		{025D14CE-FA47-4D82-9229-534439DA4356}.Release|Win32.ActiveCfg = Release|Win32
		{025D14CE-FA47-4D82-9229-534439DA4356}.Release|Win32.Build.0 = Release|Win32
		{B7012440-D57B-4CD3-A4E7-75657CB74CCC}.Debug|Win32.ActiveCfg = Debug|Win32
		{B7012440-D57B-4CD3-A4E7-75657CB74CCC}.Debug|Win32.Build.0 = Debug|Win32
		{B7012440-D57B-4CD3-A4E7-75657CB74CCC}.Release|Win32.ActiveCfg = Release|Win32
		{B7012440-D57B-4CD3-A4E7-75657CB74CCC}.Release|Win32.Build.0 = Release|Win32
		{95065D42-E8DE-419E-B267-763104F08D0D}.Debug|Win32.ActiveCfg = Debug|Win32
		{95065D42-E8DE-419E-B267-763104F08D0D}.Debug|Win32.Build.0 = Debug|Win32
		{95065D42-E8DE-419E-B267-763104F08D0D}.Release|Win32.ActiveCfg = Release|Win32
		{95065D42-E8DE-419E-B267-763104F08D0D}.Release|Win32.Build.0 = Release|Win32
		{0F6B6C2C-7817-4333-BC5C-B5A969943DE8}.Debug|Win32.ActiveCfg = Debug|Win32
		{0F6B6C2C-7817-4333-BC5C-B5A969943DE8}.Debug|Win32.Build.0 = Debug|Win32
		{0F6B6C2C-7817-4333-BC5C-B5A969943DE8}.Release|Win32.ActiveCfg = Release|Win32
		{0F6B6C2C-7817-4333-BC5C-B5A969943DE8}.Release|Win32.Build.0 = Release|Win32
		{6B7FB4E8-7782-4E12-B384-B2C982F459D1}.Debug|Win32.ActiveCfg = Debug|Win32
		{6B7FB4E8-7782-4E12-B384-B2C982F459D1}.Debug|Win32.Build.0 = Debug|Win32
		{6B7FB4E8-7782-4E12-B384-B2C982F459D1}.Release|Win32.ActiveCfg = Release|Win32
		{6B7FB4E8-7782-4E12-B384-B2C982F459D1}.Release|Win32.Build.0 = Release|Win32
		{F27F507A-D9F8-43DA-BCC3-5FFDAD108342}.Debug|Win32.ActiveCfg = Debug|Win32
		{F27F507A-D9F8-43DA-BCC3-5FFDAD108342}.Debug|Win32.Build.0 = Debug|Win32
		{F27F507A-D9F8-43DA-BCC3-5FFDAD108342}.Release|Win32.ActiveCfg = Release|Win32
		{F27F507A-D9F8-43DA-BCC3-5FFDAD108342}.Release|Win32.Build.0 = Release|Win32
		{75CB4653-A267-431C-AEAB-0B3091B0B812}.Debug|Win32.ActiveCfg = Debug|Win32
		{75CB4653-A267-431C-AEAB-0B3091B0B812}.Debug|Win32.Build.0 = Debug|Win32
		{75CB4653-A267-431C-AEAB-0B3091B0B812}.Release|Win32.ActiveCfg = Release|Win32
		{75CB4653-A267-431C-AEAB-0B3091B0B812}.Release|Win32.Build.0 = Release|Win32
		{571D43DC-8E39-4CAC-B9CE-D162F95325A0}.Debug|Win32.ActiveCfg = Debug|Win32
		{571D43DC-8E39-4CAC-B9CE-D162F95325A0}.Debug|Win32.Build.0 = Debug|Win32
		{571D43DC-8E39-4CAC-B9CE-D162F95325A0}.Release|Win32.ActiveCfg = Release|Win32
		{571D43DC-8E39-4CAC-B9CE-D162F95325A0}.Release|Win32.Build.0 = Release|Win32
		{2D2F4B0D-101E-4DBC-8567-AF2F4EA7B301}.Debug|Win32.ActiveCfg = Debug|Win32
		{2D2F4B0D-101E-4DBC-8567-AF2F4EA7B301}.Debug|Win32.Build.0 = Debug|Win32
		{2D2F4B0D-101E-4DBC-8567-AF2F4EA7B301}.Release|Win32.ActiveCfg = Release|Win32
		{2D2F4B0D-101E-4DBC-8567-AF2F4EA7B301}.Release|Win32.Build.0 = Release|Win32
		{C517FBE9-AF47-4947-B08F-398B7E98F2E6}.Debug|Win32.ActiveCfg = Debug|Win32
		{C517FBE9-AF47-4947-B08F-398B7E98F2E6}.Debug|Win32.Build.0 = Debug|Win32
		{C517FBE9-AF47-4947-B08F-398B7E98F2E6}.Release|Win32.ActiveCfg = Release|Win32
		{C517FBE9-AF47-4947-B08F-398B7E98F2E6}.Release|Win32.Build.0 = Release|Win32
		{07171C50-2CBC-416F-9E74-87AC7C57D55C}.Debug|Win32.ActiveCfg = Debug|Win32
		{07171C50-2CBC-416F-9E74-87AC7C57D55C}.Debug|Win32.Build.0 = Debug|Win32
		{07171C50-2CBC-416F-9E74-87AC7C57D55C}.Release|Win32.ActiveCfg = Release|Win32
		{07171C50-2CBC-416F-9E74-87AC7C57D55C}.Release|Win32.Build.0 = Release|Win32
		{ABEC41AF-6C87-491A-8FD9-1547C5DAFBE9}.Debug|Win32.ActiveCfg = Debug|Win32
		{ABEC41AF-6C87-491A-8FD9-1547C5DAFBE9}.Debug|Win32.Build.0 = Debug|Win32
		{ABEC41AF-6C87-491A-8FD9-1547C5DAFBE9}.Release|Win32.ActiveCfg = Release|Win32
		{ABEC41AF-6C87-491A-8FD9-1547C5DAFBE9}.Release|Win32.Build.0 = Release|Win32
		{A9737941-4E5E-47FB-9ED5-67A04D1F5D38}.Debug|Win32.ActiveCfg = Debug|Win32
		{A9737941-4E5E-47FB-9ED5-67A04D1F5D38}.Debug|Win32.Build.0 = Debug|Win32
		{A9737941-4E5E-47FB-9ED5-67A04D1F5D38}.Release|Win32.ActiveCfg = Release|Win32
		{A9737941-4E5E-47FB-9ED5-67A04D1F5D38}.Release|Win32.Build.0 = Release|Win32
		{A4D53A3B-27FB-47A0-B417-6167F1C3FD9F}.Debug|Win32.ActiveCfg = Debug|Win32
		{A4D53A3B-27FB-47A0-B417-6167F1C3FD9F}.Debug|Win32.Build.0 = Debug|Win32
		{A4D53A3B-27FB-47A0-B417-6167F1C3FD9F}.Release|Win32.ActiveCfg = Release|Win32
		{A4D53A3B-27FB-47A0-B417-6167F1C3FD9F}.Release|Win32.Build.0 = Release|Win32
		{729AD4C7-C695-4539-AB50-99EE97D6E56F}.Debug|Win32.ActiveCfg = Debug|Win32
		{729AD4C7-C695-4539-AB50-99EE97D6E56F}.Debug|Win32.Build.0 = Debug|Win32
		{729AD4C7-C695-4539-AB50-99EE97D6E56F}.Release|Win32.ActiveCfg = Release|Win32
		{729AD4C7-C695-4539-AB50-99EE97D6E56F}.Release|Win32.Build.0 = Release|Win32
		{32D9BC63-07CB-4E6E-8C35-20C6CF882F17}.Debug|Win32.ActiveCfg = Debug|Win32
		{32D9BC63-07CB-4E6E-8C35-20C6CF882F17}.Debug|Win32.Build.0 = Debug|Win32
		{32D9BC63-07CB-4E6E-8C35-20C6CF882F17}.Release|Win32.ActiveCfg = Release|Win32
		{32D9BC63-07CB-4E6E-8C35-20C6CF882F17}.Release|Win32.Build.0 = Release|Win32
		{7A126255-29CE-43A5-9CBF-C66D98D2E749}.Debug|Win32.ActiveCfg = Debug|Win32
		{7A126255-29CE-43A5-9CBF-C66D98D2E749}.Debug|Win32.Build.0 = Debug|Win32
		{7A126255-29CE-43A5-9CBF-C66D98D2E749}.Release|Win32.ActiveCfg = Release|Win32
		{7A126255-29CE-43A5-9CBF-C66D98D2E749}.Release|Win32.Build.0 = Release|Win32
		{C03AE339-143B-4E1E-86D2-6D859184ECAF}.Debug|Win32.ActiveCfg = Debug|Win32
		{C03AE339-143B-4E1E-86D2-6D859184ECAF}.Debug|Win32.Build.0 = Debug|Win32
		{C03AE339-143B-4E1E-86D2-6D859184ECAF}.Release|Win32.ActiveCfg = Release|Win32
		{C03AE339-143B-4E1E-86D2-6D859184ECAF}.Release|Win32.Build.0 = Release|Win32
		{E8EB21D9-DB6D-4647-B85B-8B11750A83D8}.Debug|Win32.ActiveCfg = Debug|Win32
		{E8EB21D9-DB6D-4647-B85B-8B11750A83D8}.Debug|Win32.Build.0 = Debug|Win32
		{E8EB21D9-DB6D-4647-B85B-8B11750A83D8}.Release|Win32.ActiveCfg = Release|Win32
		{E8EB21D9-DB6D-4647-B85B-8B11750A83D8}.Release|Win32.Build.0 = Release|Win32
		{B923B963-E79B-4DA9-BDD0-882986C21DC7}.Debug|Win32.ActiveCfg = Debug|Win32
		{B923B963-E79B-4DA9-BDD0-882986C21DC7}.Debug|Win32.Build.0 = Debug|Win32
		{B923B963-E79B-4DA9-BDD0-882986C21DC7}.Release|Win32.ActiveCfg = Release|Win32
		{B923B963-E79B-4DA9-BDD0-882986C21DC7}.Release|Win32.Build.0 = Release|Win32
		{EDC90349-C789-4210-97F5-8959AEC3DBCE}.Debug|Win32.ActiveCfg = Debug|Win32
		{EDC90349-C789-4210-97F5-8959AEC3DBCE}.Debug|Win32.Build.0 = Debug|Win32
		{EDC90349-C789-4210-97F5-8959AEC3DBCE}.Release|Win32.ActiveCfg = Release|Win32
		{EDC90349-C789-4210-97F5-8959AEC3DBCE}.Release|Win32.Build.0 = Release|Win32
		{561146F0-2029-424D-AC89-0539D0E2829E}.Debug|Win32.ActiveCfg = Debug|Win32
		{561146F0-2029-424D-AC89-0539D0E2829E}.Debug|Win32.Build.0 = Debug|Win32
		{561146F0-2029-424D-AC89-0539D0E2829E}.Release|Win32.ActiveCfg = Release|Win32
		{561146F0-2029-424D-AC89-0539D0E2829E}.Release|Win32.Build.0 = Release|Win32
		{6CECF8F4-02F7-4AC9-A868-CD7F9838C886}.Debug|Win32.ActiveCfg = Debug|Win32
		{6CECF8F4-02F7-4AC9-A868-CD7F9838C886}.Debug|Win32.Build.0 = Debug|Win32
		{6CECF8F4-02F7-4AC9-A868-CD7F9838C886}.Release|Win32.ActiveCfg = Release|Win32
		{6CECF8F4-02F7-4AC9-A868-CD7F9838C886}.Release|Win32.Build.0 = Release|Win32
		{74AC5A38-7234-4722-A050-D991A19C4C09}.Debug|Win32.ActiveCfg = Debug|Win32
		{74AC5A38-7234-4722-A050-D991A19C4C09}.Debug|Win32.Build.0 = Debug|Win32
		{74AC5A38-7234-4722-A050-D991A19C4C09}.Release|Win32.ActiveCfg = Release|Win32
		{74AC5A38-7234-4722-A050-D991A19C4C09}.Release|Win32.Build.0 = Release|Win32
		{3B9D92CD-8238-49D4-B656-01A9B5BA8116}.Debug|Win32.ActiveCfg = Debug|Win32
		{3B9D92CD-8238-49D4-B656-01A9B5BA8116}.Debug|Win32.Build.0 = Debug|Win32
		{3B9D92CD-8238-49D4-B656-01A9B5BA8116}.Release|Win32.ActiveCfg = Release|Win32
		{3B9D92CD-8238-49D4-B656-01A9B5BA8116}.Release|Win32.Build.0 = Release|Win32
		{A7162B1C-9136-4009-9857-E8F037C3D598}.Debug|Win32.ActiveCfg = Debug|Win32
		{A7162B1C-9136-4009-9857-E8F037C3D598}.Debug|Win32.Build.0 = Debug|Win32
		{A7162B1C-9136-4009-9857-E8F037C3D598}.Release|Win32.ActiveCfg = Release|Win32
		{A7162B1C-9136-4009-9857-E8F037C3D598}.Release|Win32.Build.0 = Release|Win32
		{CE9E4E39-082C-4084-A19A-DBF7753AB06D}.Debug|Win32.ActiveCfg = Debug|Win32
		{CE9E4E39-082C-4084-A19A-DBF7753AB06D}.Debug|Win32.Build.0 = Debug|Win32
		{CE9E4E39-082C-4084-A19A-DBF7753AB06D}.Release|Win32.ActiveCfg = Release|Win32
		{CE9E4E39-082C-4084-A19A-DBF7753AB06D}.Release|Win32.Build.0 = Release|Win32
		{B7E94516-95BA-4850-AA7F-CDEF2468D483}.Debug|Win32.ActiveCfg = Debug|Win32
		{B7E94516-95BA-4850-AA7F-CDEF2468D483}.Debug|Win32.Build.0 = Debug|Win32
		{B7E94516-95BA-4850-AA7F-CDEF2468D483}.Release|Win32.ActiveCfg = Release|Win32
		{B7E94516-95BA-4850-AA7F-CDEF2468D483}.Release|Win32.Build.0 = Release|Win32
		{360F17FD-F435-4E86-A651-71A0B1788152}.Debug|Win32.ActiveCfg = Debug|Win32
		{360F17FD-F435-4E86-A651-71A0B1788152}.Debug|Win32.Build.0 = Debug|Win32
		{360F17FD-F435-4E86-A651-71A0B1788152}.Release|Win32.ActiveCfg = Release|Win32
		{360F17FD-F435-4E86-A651-71A0B1788152}.Release|Win32.Build.0 = Release|Win32
		{719865C4-60B6-489D-B313-1C37205420E7}.Debug|Win32.ActiveCfg = Debug|Win32
		{719865C4-60B6-489D-B313-1C37205420E7}.Debug|Win32.Build.0 = Debug|Win32
		{719865C4-60B6-489D-B313-1C37205420E7}.Release|Win32.ActiveCfg = Release|Win32
		{719865C4-60B6-489D-B313-1C37205420E7}.Release|Win32.Build.0 = Release|Win32
		{2AD8B954-4438-4030-9E50-0EC6F9F81D01}.Debug|Win32.ActiveCfg = Debug|Win32
		{2AD8B954-4438-4030-9E50-0EC6F9F81D01}.Debug|Win32.Build.0 = Debug|Win32
		{2AD8B954-4438-4030-9E50-0EC6F9F81D01}.Release|Win32.ActiveCfg = Release|Win32
		{2AD8B954-4438-4030-9E50-0EC6F9F81D01}.Release|Win32.Build.0 = Release|Win32
		{B94B89CC-FC7A-46D0-9A0F-BE44E37114FE}.Debug|Win32.ActiveCfg = Debug|Win32
		{B94B89CC-FC7A-46D0-9A0F-BE44E37114FE}.Debug|Win32.Build.0 = Debug|Win32
		{B94B89CC-FC7A-46D0-9A0F-BE44E37114FE}.Release|Win32.ActiveCfg = Release|Win32
		{B94B89CC-FC7A-46D0-9A0F-BE44E37114FE}.Release|Win32.Build.0 = Release|Win32
		{05A44154-EB5E-429C-88AB-AAC0AC2C39DA}.Debug|Win32.ActiveCfg = Debug|Win32
		{05A44154-EB5E-429C-88AB-AAC0AC2C39DA}.Debug|Win32.Build.0 = Debug|Win32
		{05A44154-EB5E-429C-88AB-AAC0AC2C39DA}.Release|Win32.ActiveCfg = Release|Win32
		{05A44154-EB5E-429C-88AB-AAC0AC2C39DA}.Release|Win32.Build.0 = Release|Win32
		{970A78D8-8773-4BA4-81AE-97836A57874C}.Debug|Win32.ActiveCfg = Debug|Win32
		{970A78D8-8773-4BA4-81AE-97836A57874C}.Debug|Win32.Build.0 = Debug|Win32
		{970A78D8-8773-4BA4-81AE-97836A57874C}.Release|Win32.ActiveCfg = Release|Win32
		{970A78D8-8773-4BA4-81AE-97836A57874C}.Release|Win32.Build.0 = Release|Win32
		{671FE05E-7530-4553-A5A6-AF3179E034D0}.Debug|Win32.ActiveCfg = Debug|Win32
		{671FE05E-7530-4553-A5A6-AF3179E034D0}.Debug|Win32.Build.0 = Debug|Win32
		{671FE05E-7530-4553-A5A6-AF3179E034D0}.Release|Win32.ActiveCfg = Release|Win32
		{671FE05E-7530-4553-A5A6-AF3179E034D0}.Release|Win32.Build.0 = Release|Win32
		{AFAA045E-6A86-4579-8C7F-009361628B19}.Debug|Win32.ActiveCfg = Debug|Win32
		{AFAA045E-6A86-4579-8C7F-009361628B19}.Debug|Win32.Build.0 = Debug|Win32
		{AFAA045E-6A86-4579-8C7F-009361628B19}.Release|Win32.ActiveCfg = Release|Win32
		{AFAA045E-6A86-4579-8C7F-009361628B19}.Release|Win32.Build.0 = Release|Win32
		{D6ADE521-C7E4-4918-B699-664EC2AE9977}.Debug|Win32.ActiveCfg = Debug|Win32
		{D6ADE521-C7E4-4918-B699-664EC2AE9977}.Debug|Win32.Build.0 = Debug|Win32
		{D6ADE521-C7E4-4918-B699-664EC2AE9977}.Release|Win32.ActiveCfg = Release|Win32
		{D6ADE521-C7E4-4918-B699-664EC2AE9977}.Release|Win32.Build.0 = Release|Win32
		{0A4FB1CF-2AA4-4F35-8581-1BED90C37DAB}.Debug|Win32.ActiveCfg = Debug|Win32
		{0A4FB1CF-2AA4-4F35-8581-1BED90C37DAB}.Debug|Win32.Build.0 = Debug|Win32
		{0A4FB1CF-2AA4-4F35-8581-1BED90C37DAB}.Release|Win32.ActiveCfg = Release|Win32
		{0A4FB1CF-2AA4-4F35-8581-1BED90C37DAB}.Release|Win32.Build.0 = Release|Win32
		{F9C21656-B788-49F9-AF87-4177D0F8AE37}.Debug|Win32.ActiveCfg = Debug|Win32
		{F9C21656-B788-49F9-AF87-4177D0F8AE37}.Debug|Win32.Build.0 = Debug|Win32
		{F9C21656-B788-49F9-AF87-4177D0F8AE37}.Release|Win32.ActiveCfg = Release|Win32
		{F9C21656-B788-49F9-AF87-4177D0F8AE37}.Release|Win32.Build.0 = Release|Win32
		{66FBB833-F480-4DC0-B1F8-ED5D8A12BF01}.Debug|Win32.ActiveCfg = Debug|Win32
		{66FBB833-F480-4DC0-B1F8-ED5D8A12BF01}.Debug|Win32.Build.0 = Debug|Win32
		{66FBB833-F480-4DC0-B1F8-ED5D8A12BF01}.Release|Win32.ActiveCfg = Release|Win32
		{66FBB833-F480-4DC0-B1F8-ED5D8A12BF01}.Release|Win32.Build.0 = Release|Win32
		{1061842F-3B76-42C3-9F49-FE81EA27ED9A}.Debug|Win32.ActiveCfg = Debug|Win32
		{1061842F-3B76-42C3-9F49-FE81EA27ED9A}.Debug|Win32.Build.0 = Debug|Win32
		{1061842F-3B76-42C3-9F49-FE81EA27ED9A}.Release|Win32.ActiveCfg = Release|Win32
		{1061842F-3B76-42C3-9F49-FE81EA27ED9A}.Release|Win32.Build.0 = Release|Win32
		{60852600-5BF5-405F-A5C4-E2B7235E1AA1}.Debug|Win32.ActiveCfg = Debug|Win32
		{60852600-5BF5-405F-A5C4-E2B7235E1AA1}.Debug|Win32.Build.0 = Debug|Win32
		{60852600-5BF5-405F-A5C4-E2B7235E1AA1}.Release|Win32.ActiveCfg = Release|Win32
		{60852600-5BF5-405F-A5C4-E2B7235E1AA1}.Release|Win32.Build.0 = Release|Win32
		{151F615D-36F3-4AD6-A632-EFECD0ED33EB}.Debug|Win32.ActiveCfg = Debug|Win32
		{151F615D-36F3-4AD6-A632-EFECD0ED33EB}.Debug|Win32.Build.0 = Debug|Win32
		{151F615D-36F3-4AD6-A632-EFECD0ED33EB}.Release|Win32.ActiveCfg = Release|Win32
		{151F615D-36F3-4AD6-A632-EFECD0ED33EB}.Release|Win32.Build.0 = Release|Win32
		{3282DE55-8757-4B8A-9629-C467CB21F3E2}.Debug|Win32.ActiveCfg = Debug|Win32
		{3282DE55-8757-4B8A-9629-C467CB21F3E2}.Debug|Win32.Build.0 = Debug|Win32
		{3282DE55-8757-4B8A-9629-C467CB21F3E2}.Release|Win32.ActiveCfg = Release|Win32
		{3282DE55-8757-4B8A-9629-C467CB21F3E2}.Release|Win32.Build.0 = Release|Win32
		{901C8F93-FBE3-4549-8B57-253FD27C45A7}.Debug|Win32.ActiveCfg = Debug|Win32
		{901C8F93-FBE3-4549-8B57-253FD27C45A7}.Debug|Win32.Build.0 = Debug|Win32
		{901C8F93-FBE3-4549-8B57-253FD27C45A7}.Release|Win32.ActiveCfg = Release|Win32
		{901C8F93-FBE3-4549-8B57-253FD27C45A7}.Release|Win32.Build.0 = Release|Win32
		{B21AA912-6CA5-4345-8A47-AB89D703B685}.Debug|Win32.ActiveCfg = Debug|Win32
		{B21AA912-6CA5-4345-8A47-AB89D703B685}.Debug|Win32.Build.0 = Debug|Win32
		{B21AA912-6CA5-4345-8A47-AB89D703B685}.Release|Win32.ActiveCfg = Release|Win32
		{B21AA912-6CA5-4345-8A47-AB89D703B685}.Release|Win32.Build.0 = Release|Win32
		{92FC1283-5E36-4139-9BDD-2505CCEC0584}.Debug|Win32.ActiveCfg = Debug|Win32
		{92FC1283-5E36-4139-9BDD-2505CCEC0584}.Debug|Win32.Build.0 = Debug|Win32
		{92FC1283-5E36-4139-9BDD-2505CCEC0584}.Release|Win32.ActiveCfg = Release|Win32
		{92FC1283-5E36-4139-9BDD-2505CCEC0584}.Release|Win32.Build.0 = Release|Win32
		{EF8E6212-153F-45AB-8EE7-E2E6A5552F20}.Debug|Win32.ActiveCfg = Debug|Win32
		{EF8E6212-153F-45AB-8EE7-E2E6A5552F20}.Debug|Win32.Build.0 = Debug|Win32
		{EF8E6212-153F-45AB-8EE7-E2E6A5552F20}.Release|Win32.ActiveCfg = Release|Win32
		{EF8E6212-153F-45AB-8EE7-E2E6A5552F20}.Release|Win32.Build.0 = Release|Win32
		{5B3449F3-F6A8-4D56-90F1-EBA4F94694D7}.Debug|Win32.ActiveCfg = Debug|Win32
		{5B3449F3-F6A8-4D56-90F1-EBA4F94694D7}.Debug|Win32.Build.0 = Debug|Win32
		{5B3449F3-F6A8-4D56-90F1-EBA4F94694D7}.Release|Win32.ActiveCfg = Release|Win32
		{5B3449F3-F6A8-4D56-90F1-EBA4F94694D7}.Release|Win32.Build.0 = Release|Win32
		{A74B9587-C1A3-4A9A-AAE2-1E522EDBE0DB}.Debug|Win32.ActiveCfg = Debug|Win32
		{A74B9587-C1A3-4A9A-AAE2-1E522EDBE0DB}.Debug|Win32.Build.0 = Debug|Win32
		{A74B9587-C1A3-4A9A-AAE2-1E522EDBE0DB}.Release|Win32.ActiveCfg = Release|Win32
		{A74B9587-C1A3-4A9A-AAE2-1E522EDBE0DB}.Release|Win32.Build.0 = Release|Win32
	EndGlobalSection
	GlobalSection(SolutionProperties) = preSolution
		HideSolutionNode = FALSE
	EndGlobalSection
EndGlobal
